
Microsoft Visual Studio Solution File, Format Version 12.00
# Visual Studio Version 17
VisualStudioVersion = 17.4.33213.308
MinimumVisualStudioVersion = 10.0.40219.1
Project("{FAE04EC0-301F-11D3-BF4B-00C04F79EFBC}") = "Week3IfAndSwitch", "Week3IfAndSwitch\Week3IfAndSwitch.csproj", "{E8451082-CE04-4D74-BA9E-FFCDA8DEDB21}"
EndProject
Project("{FAE04EC0-301F-11D3-BF4B-00C04F79EFBC}") = "OodOrEfven", "OodOrEfven\OodOrEfven.csproj", "{59F27E70-9556-4DCC-B4E8-508CAB81CCD9}"
EndProject
Project("{FAE04EC0-301F-11D3-BF4B-00C04F79EFBC}") = "IfDayOfTheWeek", "IfDayOfTheWeek\IfDayOfTheWeek.csproj", "{4AD192A0-FF1E-4B68-83B9-90603FEAE782}"
EndProject
Project("{FAE04EC0-301F-11D3-BF4B-00C04F79EFBC}") = "SwitchDayOfWeek", "SwitchDayOfWeek\SwitchDayOfWeek.csproj", "{5F39EF29-A6FF-452A-904F-47BDAFE66DF9}"
EndProject
Global
	GlobalSection(SolutionConfigurationPlatforms) = preSolution
		Debug|Any CPU = Debug|Any CPU
		Release|Any CPU = Release|Any CPU
	EndGlobalSection
	GlobalSection(ProjectConfigurationPlatforms) = postSolution
		{E8451082-CE04-4D74-BA9E-FFCDA8DEDB21}.Debug|Any CPU.ActiveCfg = Debug|Any CPU
		{E8451082-CE04-4D74-BA9E-FFCDA8DEDB21}.Debug|Any CPU.Build.0 = Debug|Any CPU
		{E8451082-CE04-4D74-BA9E-FFCDA8DEDB21}.Release|Any CPU.ActiveCfg = Release|Any CPU
		{E8451082-CE04-4D74-BA9E-FFCDA8DEDB21}.Release|Any CPU.Build.0 = Release|Any CPU
		{59F27E70-9556-4DCC-B4E8-508CAB81CCD9}.Debug|Any CPU.ActiveCfg = Debug|Any CPU
		{59F27E70-9556-4DCC-B4E8-508CAB81CCD9}.Debug|Any CPU.Build.0 = Debug|Any CPU
		{59F27E70-9556-4DCC-B4E8-508CAB81CCD9}.Release|Any CPU.ActiveCfg = Release|Any CPU
		{59F27E70-9556-4DCC-B4E8-508CAB81CCD9}.Release|Any CPU.Build.0 = Release|Any CPU
		{4AD192A0-FF1E-4B68-83B9-90603FEAE782}.Debug|Any CPU.ActiveCfg = Debug|Any CPU
		{4AD192A0-FF1E-4B68-83B9-90603FEAE782}.Debug|Any CPU.Build.0 = Debug|Any CPU
		{4AD192A0-FF1E-4B68-83B9-90603FEAE782}.Release|Any CPU.ActiveCfg = Release|Any CPU
		{4AD192A0-FF1E-4B68-83B9-90603FEAE782}.Release|Any CPU.Build.0 = Release|Any CPU
		{5F39EF29-A6FF-452A-904F-47BDAFE66DF9}.Debug|Any CPU.ActiveCfg = Debug|Any CPU
		{5F39EF29-A6FF-452A-904F-47BDAFE66DF9}.Debug|Any CPU.Build.0 = Debug|Any CPU
		{5F39EF29-A6FF-452A-904F-47BDAFE66DF9}.Release|Any CPU.ActiveCfg = Release|Any CPU
		{5F39EF29-A6FF-452A-904F-47BDAFE66DF9}.Release|Any CPU.Build.0 = Release|Any CPU
	EndGlobalSection
	GlobalSection(SolutionProperties) = preSolution
		HideSolutionNode = FALSE
	EndGlobalSection
	GlobalSection(ExtensibilityGlobals) = postSolution
		SolutionGuid = {5CEA3B01-A1C5-412E-969B-5EE53539806D}
	EndGlobalSection
EndGlobal
